
Microsoft Visual Studio Solution File, Format Version 12.00
# Visual Studio Version 17
VisualStudioVersion = 17.8.34511.84
MinimumVisualStudioVersion = 10.0.40219.1
Project("{FAE04EC0-301F-11D3-BF4B-00C04F79EFBC}") = "BackpackApp", "BackpackApp\BackpackApp.csproj", "{557F7991-68EC-4312-8558-FEBA056BAAA2}"
EndProject
Project("{FAE04EC0-301F-11D3-BF4B-00C04F79EFBC}") = "BackpackConsole", "BackpackConsole\BackpackConsole.csproj", "{8F8F02A2-4A73-484A-87A5-558DFBDF3E4A}"
EndProject
Project("{FAE04EC0-301F-11D3-BF4B-00C04F79EFBC}") = "BackpackLib", "BackpackLib\BackpackLib.csproj", "{61283D7D-56E2-4330-9F4E-D423C594FC4D}"
EndProject
Project("{FAE04EC0-301F-11D3-BF4B-00C04F79EFBC}") = "BlazorCodeGen", "BlazorCodeGen\BlazorCodeGen.csproj", "{4472FAC0-708C-4460-A862-5E25194BFBEA}"
EndProject
Global
	GlobalSection(SolutionConfigurationPlatforms) = preSolution
		Debug|Any CPU = Debug|Any CPU
		Release|Any CPU = Release|Any CPU
	EndGlobalSection
	GlobalSection(ProjectConfigurationPlatforms) = postSolution
		{557F7991-68EC-4312-8558-FEBA056BAAA2}.Debug|Any CPU.ActiveCfg = Debug|Any CPU
		{557F7991-68EC-4312-8558-FEBA056BAAA2}.Debug|Any CPU.Build.0 = Debug|Any CPU
		{557F7991-68EC-4312-8558-FEBA056BAAA2}.Debug|Any CPU.Deploy.0 = Debug|Any CPU
		{557F7991-68EC-4312-8558-FEBA056BAAA2}.Release|Any CPU.ActiveCfg = Release|Any CPU
		{557F7991-68EC-4312-8558-FEBA056BAAA2}.Release|Any CPU.Build.0 = Release|Any CPU
		{557F7991-68EC-4312-8558-FEBA056BAAA2}.Release|Any CPU.Deploy.0 = Release|Any CPU
		{8F8F02A2-4A73-484A-87A5-558DFBDF3E4A}.Debug|Any CPU.ActiveCfg = Debug|Any CPU
		{8F8F02A2-4A73-484A-87A5-558DFBDF3E4A}.Debug|Any CPU.Build.0 = Debug|Any CPU
		{8F8F02A2-4A73-484A-87A5-558DFBDF3E4A}.Release|Any CPU.ActiveCfg = Release|Any CPU
		{8F8F02A2-4A73-484A-87A5-558DFBDF3E4A}.Release|Any CPU.Build.0 = Release|Any CPU
		{61283D7D-56E2-4330-9F4E-D423C594FC4D}.Debug|Any CPU.ActiveCfg = Debug|Any CPU
		{61283D7D-56E2-4330-9F4E-D423C594FC4D}.Debug|Any CPU.Build.0 = Debug|Any CPU
		{61283D7D-56E2-4330-9F4E-D423C594FC4D}.Release|Any CPU.ActiveCfg = Release|Any CPU
		{61283D7D-56E2-4330-9F4E-D423C594FC4D}.Release|Any CPU.Build.0 = Release|Any CPU
		{4472FAC0-708C-4460-A862-5E25194BFBEA}.Debug|Any CPU.ActiveCfg = Debug|Any CPU
		{4472FAC0-708C-4460-A862-5E25194BFBEA}.Debug|Any CPU.Build.0 = Debug|Any CPU
		{4472FAC0-708C-4460-A862-5E25194BFBEA}.Release|Any CPU.ActiveCfg = Release|Any CPU
		{4472FAC0-708C-4460-A862-5E25194BFBEA}.Release|Any CPU.Build.0 = Release|Any CPU
	EndGlobalSection
	GlobalSection(SolutionProperties) = preSolution
		HideSolutionNode = FALSE
	EndGlobalSection
	GlobalSection(ExtensibilityGlobals) = postSolution
		SolutionGuid = {3F653764-4A04-4784-A37E-812EE93DDBCB}
	EndGlobalSection
EndGlobal
